
Microsoft Visual Studio Solution File, Format Version 12.00
# Visual Studio Version 17
VisualStudioVersion = 17.0.31423.177
MinimumVisualStudioVersion = 10.0.40219.1
Project("{2150E333-8FDC-42A3-9474-1A3956D46DE8}") = "Manager", "Manager", "{89C85BBA-159C-4D94-80F2-6ADBBC9AEBE6}"
EndProject
Project("{2150E333-8FDC-42A3-9474-1A3956D46DE8}") = "Engine", "Engine", "{EF73A540-3356-4021-AD8A-5FE961293FD3}"
EndProject
Project("{2150E333-8FDC-42A3-9474-1A3956D46DE8}") = "Access", "Access", "{AEB26134-49AC-41A0-A827-0952D03420BE}"
EndProject
Project("{2150E333-8FDC-42A3-9474-1A3956D46DE8}") = "ManagerA", "ManagerA", "{CD641F29-F930-4BB4-BBDC-60EE4671EA67}"
EndProject
Project("{9A19103F-16F7-4668-BE54-9A1E7A4F7556}") = "Company.Manager.ManagerA.Service", "Company\Component\Manager\ManagerA\Service\Company.Manager.ManagerA.Service.csproj", "{0568AC03-80FA-4B1E-9AC8-F86333AF3947}"
EndProject
Project("{9A19103F-16F7-4668-BE54-9A1E7A4F7556}") = "Company.Manager.ManagerA.Interface", "Company\Component\Manager\ManagerA\Interface\Company.Manager.ManagerA.Interface.csproj", "{6B026800-DEF3-45BC-B60A-739261C55780}"
EndProject
Project("{2150E333-8FDC-42A3-9474-1A3956D46DE8}") = "Company", "Company", "{A471E6EC-56B9-44DA-9A18-5A8A96F0C533}"
EndProject
Project("{2150E333-8FDC-42A3-9474-1A3956D46DE8}") = "Test", "Test", "{3A076CA2-9A5B-4725-A672-5808171DB73A}"
EndProject
Project("{2150E333-8FDC-42A3-9474-1A3956D46DE8}") = "Component", "Component", "{6B19B104-9299-43A2-9EAE-C9B8C3803227}"
EndProject
Project("{2150E333-8FDC-42A3-9474-1A3956D46DE8}") = "Framework", "Framework", "{EA1FDE58-AC2E-4A9A-82C5-06B28BDF0A86}"
EndProject
Project("{2150E333-8FDC-42A3-9474-1A3956D46DE8}") = "Microservice", "Microservice", "{13F8DD4E-F12E-4717-84A5-6A4A3BAA9C17}"
EndProject
Project("{9A19103F-16F7-4668-BE54-9A1E7A4F7556}") = "Company.Framework.Common", "Company\Framework\Common\Company.Framework.Common.csproj", "{9254EC2A-9B8C-41AE-A236-ED89AD4A4621}"
EndProject
Project("{9A19103F-16F7-4668-BE54-9A1E7A4F7556}") = "Company.Framework.Proxy", "Company\Framework\Proxy\Company.Framework.Proxy.csproj", "{B4D71C63-6F21-40F4-B43B-7E41657F49A1}"
EndProject
Project("{9A19103F-16F7-4668-BE54-9A1E7A4F7556}") = "Company.Framework.Server", "Company\Framework\Server\Company.Framework.Server.csproj", "{B78BB1A6-000F-47FD-8941-566E925F46DE}"
EndProject
Project("{FAE04EC0-301F-11D3-BF4B-00C04F79EFBC}") = "Company.Microservice.Content", "Company\Microservice\Content\Company.Microservice.Content.csproj", "{0270FDE7-CE03-47F3-80F6-7324940B4654}"
EndProject
Global
	GlobalSection(SolutionConfigurationPlatforms) = preSolution
		Debug|Any CPU = Debug|Any CPU
		Release|Any CPU = Release|Any CPU
	EndGlobalSection
	GlobalSection(ProjectConfigurationPlatforms) = postSolution
		{0568AC03-80FA-4B1E-9AC8-F86333AF3947}.Debug|Any CPU.ActiveCfg = Debug|Any CPU
		{0568AC03-80FA-4B1E-9AC8-F86333AF3947}.Debug|Any CPU.Build.0 = Debug|Any CPU
		{0568AC03-80FA-4B1E-9AC8-F86333AF3947}.Release|Any CPU.ActiveCfg = Release|Any CPU
		{0568AC03-80FA-4B1E-9AC8-F86333AF3947}.Release|Any CPU.Build.0 = Release|Any CPU
		{6B026800-DEF3-45BC-B60A-739261C55780}.Debug|Any CPU.ActiveCfg = Debug|Any CPU
		{6B026800-DEF3-45BC-B60A-739261C55780}.Debug|Any CPU.Build.0 = Debug|Any CPU
		{6B026800-DEF3-45BC-B60A-739261C55780}.Release|Any CPU.ActiveCfg = Release|Any CPU
		{6B026800-DEF3-45BC-B60A-739261C55780}.Release|Any CPU.Build.0 = Release|Any CPU
		{9254EC2A-9B8C-41AE-A236-ED89AD4A4621}.Debug|Any CPU.ActiveCfg = Debug|Any CPU
		{9254EC2A-9B8C-41AE-A236-ED89AD4A4621}.Debug|Any CPU.Build.0 = Debug|Any CPU
		{9254EC2A-9B8C-41AE-A236-ED89AD4A4621}.Release|Any CPU.ActiveCfg = Release|Any CPU
		{9254EC2A-9B8C-41AE-A236-ED89AD4A4621}.Release|Any CPU.Build.0 = Release|Any CPU
		{B4D71C63-6F21-40F4-B43B-7E41657F49A1}.Debug|Any CPU.ActiveCfg = Debug|Any CPU
		{B4D71C63-6F21-40F4-B43B-7E41657F49A1}.Debug|Any CPU.Build.0 = Debug|Any CPU
		{B4D71C63-6F21-40F4-B43B-7E41657F49A1}.Release|Any CPU.ActiveCfg = Release|Any CPU
		{B4D71C63-6F21-40F4-B43B-7E41657F49A1}.Release|Any CPU.Build.0 = Release|Any CPU
		{B78BB1A6-000F-47FD-8941-566E925F46DE}.Debug|Any CPU.ActiveCfg = Debug|Any CPU
		{B78BB1A6-000F-47FD-8941-566E925F46DE}.Debug|Any CPU.Build.0 = Debug|Any CPU
		{B78BB1A6-000F-47FD-8941-566E925F46DE}.Release|Any CPU.ActiveCfg = Release|Any CPU
		{B78BB1A6-000F-47FD-8941-566E925F46DE}.Release|Any CPU.Build.0 = Release|Any CPU
		{0270FDE7-CE03-47F3-80F6-7324940B4654}.Debug|Any CPU.ActiveCfg = Debug|Any CPU
		{0270FDE7-CE03-47F3-80F6-7324940B4654}.Debug|Any CPU.Build.0 = Debug|Any CPU
		{0270FDE7-CE03-47F3-80F6-7324940B4654}.Release|Any CPU.ActiveCfg = Release|Any CPU
		{0270FDE7-CE03-47F3-80F6-7324940B4654}.Release|Any CPU.Build.0 = Release|Any CPU
	EndGlobalSection
	GlobalSection(SolutionProperties) = preSolution
		HideSolutionNode = FALSE
	EndGlobalSection
	GlobalSection(NestedProjects) = preSolution
		{89C85BBA-159C-4D94-80F2-6ADBBC9AEBE6} = {6B19B104-9299-43A2-9EAE-C9B8C3803227}
		{EF73A540-3356-4021-AD8A-5FE961293FD3} = {6B19B104-9299-43A2-9EAE-C9B8C3803227}
		{AEB26134-49AC-41A0-A827-0952D03420BE} = {6B19B104-9299-43A2-9EAE-C9B8C3803227}
		{CD641F29-F930-4BB4-BBDC-60EE4671EA67} = {89C85BBA-159C-4D94-80F2-6ADBBC9AEBE6}
		{0568AC03-80FA-4B1E-9AC8-F86333AF3947} = {CD641F29-F930-4BB4-BBDC-60EE4671EA67}
		{6B026800-DEF3-45BC-B60A-739261C55780} = {CD641F29-F930-4BB4-BBDC-60EE4671EA67}
		{6B19B104-9299-43A2-9EAE-C9B8C3803227} = {A471E6EC-56B9-44DA-9A18-5A8A96F0C533}
		{EA1FDE58-AC2E-4A9A-82C5-06B28BDF0A86} = {A471E6EC-56B9-44DA-9A18-5A8A96F0C533}
		{13F8DD4E-F12E-4717-84A5-6A4A3BAA9C17} = {A471E6EC-56B9-44DA-9A18-5A8A96F0C533}
		{9254EC2A-9B8C-41AE-A236-ED89AD4A4621} = {EA1FDE58-AC2E-4A9A-82C5-06B28BDF0A86}
		{B4D71C63-6F21-40F4-B43B-7E41657F49A1} = {EA1FDE58-AC2E-4A9A-82C5-06B28BDF0A86}
		{B78BB1A6-000F-47FD-8941-566E925F46DE} = {EA1FDE58-AC2E-4A9A-82C5-06B28BDF0A86}
		{0270FDE7-CE03-47F3-80F6-7324940B4654} = {13F8DD4E-F12E-4717-84A5-6A4A3BAA9C17}
	EndGlobalSection
	GlobalSection(ExtensibilityGlobals) = postSolution
		SolutionGuid = {B0D1DBDE-719F-4E58-BCE8-6265A5DD678D}
	EndGlobalSection
EndGlobal
