
Microsoft Visual Studio Solution File, Format Version 12.00
# Visual Studio Version 17
VisualStudioVersion = 17.0.31423.177
MinimumVisualStudioVersion = 10.0.40219.1
Project("{9A19103F-16F7-4668-BE54-9A1E7A4F7556}") = "MyGrpcService", "MyGrpcService\MyGrpcService.csproj", "{FBA8D159-4703-4699-BA9D-56EFC62E2C5E}"
EndProject
Project("{9A19103F-16F7-4668-BE54-9A1E7A4F7556}") = "MyGrpcClient", "MyGrpcClient\MyGrpcClient.csproj", "{B83127D8-F135-48E6-8865-331CF1929085}"
EndProject
Global
	GlobalSection(SolutionConfigurationPlatforms) = preSolution
		Debug|Any CPU = Debug|Any CPU
		Release|Any CPU = Release|Any CPU
	EndGlobalSection
	GlobalSection(ProjectConfigurationPlatforms) = postSolution
		{FBA8D159-4703-4699-BA9D-56EFC62E2C5E}.Debug|Any CPU.ActiveCfg = Debug|Any CPU
		{FBA8D159-4703-4699-BA9D-56EFC62E2C5E}.Debug|Any CPU.Build.0 = Debug|Any CPU
		{FBA8D159-4703-4699-BA9D-56EFC62E2C5E}.Release|Any CPU.ActiveCfg = Release|Any CPU
		{FBA8D159-4703-4699-BA9D-56EFC62E2C5E}.Release|Any CPU.Build.0 = Release|Any CPU
		{B83127D8-F135-48E6-8865-331CF1929085}.Debug|Any CPU.ActiveCfg = Debug|Any CPU
		{B83127D8-F135-48E6-8865-331CF1929085}.Debug|Any CPU.Build.0 = Debug|Any CPU
		{B83127D8-F135-48E6-8865-331CF1929085}.Release|Any CPU.ActiveCfg = Release|Any CPU
		{B83127D8-F135-48E6-8865-331CF1929085}.Release|Any CPU.Build.0 = Release|Any CPU
	EndGlobalSection
	GlobalSection(SolutionProperties) = preSolution
		HideSolutionNode = FALSE
	EndGlobalSection
	GlobalSection(ExtensibilityGlobals) = postSolution
		SolutionGuid = {B0D1DBDE-719F-4E58-BCE8-6265A5DD678D}
	EndGlobalSection
EndGlobal
