
Microsoft Visual Studio Solution File, Format Version 12.00
# Visual Studio Version 17
VisualStudioVersion = 17.0.31423.177
MinimumVisualStudioVersion = 10.0.40219.1
Project("{9A19103F-16F7-4668-BE54-9A1E7A4F7556}") = "TestClient", "TestClient.csproj", "{C292FD86-03BB-4587-814A-5C2641DC3375}"
EndProject
Project("{9A19103F-16F7-4668-BE54-9A1E7A4F7556}") = "ManagerA.Interface", "..\..\..\Company\Component\Manager\ManagerA\Interface\ManagerA.Interface.csproj", "{D26ACA7A-D620-4522-A391-9C5F84A8322D}"
EndProject
Global
	GlobalSection(SolutionConfigurationPlatforms) = preSolution
		Debug|Any CPU = Debug|Any CPU
		Release|Any CPU = Release|Any CPU
	EndGlobalSection
	GlobalSection(ProjectConfigurationPlatforms) = postSolution
		{C292FD86-03BB-4587-814A-5C2641DC3375}.Debug|Any CPU.ActiveCfg = Debug|Any CPU
		{C292FD86-03BB-4587-814A-5C2641DC3375}.Debug|Any CPU.Build.0 = Debug|Any CPU
		{C292FD86-03BB-4587-814A-5C2641DC3375}.Release|Any CPU.ActiveCfg = Release|Any CPU
		{C292FD86-03BB-4587-814A-5C2641DC3375}.Release|Any CPU.Build.0 = Release|Any CPU
		{D26ACA7A-D620-4522-A391-9C5F84A8322D}.Debug|Any CPU.ActiveCfg = Debug|Any CPU
		{D26ACA7A-D620-4522-A391-9C5F84A8322D}.Debug|Any CPU.Build.0 = Debug|Any CPU
		{D26ACA7A-D620-4522-A391-9C5F84A8322D}.Release|Any CPU.ActiveCfg = Release|Any CPU
		{D26ACA7A-D620-4522-A391-9C5F84A8322D}.Release|Any CPU.Build.0 = Release|Any CPU
	EndGlobalSection
	GlobalSection(SolutionProperties) = preSolution
		HideSolutionNode = FALSE
	EndGlobalSection
	GlobalSection(ExtensibilityGlobals) = postSolution
		SolutionGuid = {AAB34DFF-B7C0-4FE6-8E76-F3FCE9867BAD}
	EndGlobalSection
EndGlobal
